
Microsoft Visual Studio Solution File, Format Version 12.00
# Visual Studio 15
Project("{FAE04EC0-301F-11D3-BF4B-00C04F79EFBC}") = "VuforiaScripts", "VuforiaScripts.csproj", "{E4376AC3-A560-742E-4F59-A37E7F6A9911}"
EndProject
Project("{FAE04EC0-301F-11D3-BF4B-00C04F79EFBC}") = "VuforiaEditorScripts", "VuforiaEditorScripts.csproj", "{E6EA1354-5E9A-60F4-6F2A-1F7F89A97416}"
EndProject
Global
	GlobalSection(SolutionConfigurationPlatforms) = preSolution
		Debug|Any CPU = Debug|Any CPU
		Release|Any CPU = Release|Any CPU
	EndGlobalSection
	GlobalSection(ProjectConfigurationPlatforms) = postSolution
		{E4376AC3-A560-742E-4F59-A37E7F6A9911}.Debug|Any CPU.ActiveCfg = Debug|Any CPU
		{E4376AC3-A560-742E-4F59-A37E7F6A9911}.Debug|Any CPU.Build.0 = Debug|Any CPU
		{E4376AC3-A560-742E-4F59-A37E7F6A9911}.Release|Any CPU.ActiveCfg = Release|Any CPU
		{E4376AC3-A560-742E-4F59-A37E7F6A9911}.Release|Any CPU.Build.0 = Release|Any CPU
		{E6EA1354-5E9A-60F4-6F2A-1F7F89A97416}.Debug|Any CPU.ActiveCfg = Debug|Any CPU
		{E6EA1354-5E9A-60F4-6F2A-1F7F89A97416}.Debug|Any CPU.Build.0 = Debug|Any CPU
		{E6EA1354-5E9A-60F4-6F2A-1F7F89A97416}.Release|Any CPU.ActiveCfg = Release|Any CPU
		{E6EA1354-5E9A-60F4-6F2A-1F7F89A97416}.Release|Any CPU.Build.0 = Release|Any CPU
	EndGlobalSection
	GlobalSection(SolutionProperties) = preSolution
		HideSolutionNode = FALSE
	EndGlobalSection
	GlobalSection(MonoDevelopProperties) = preSolution
		StartupItem = Assembly-CSharp.csproj
	EndGlobalSection
EndGlobal
